
Microsoft Visual Studio Solution File, Format Version 12.00
# Visual Studio Version 16
VisualStudioVersion = 16.0.29728.190
MinimumVisualStudioVersion = 10.0.40219.1
Project("{8BC9CEB8-8B4A-11D0-8D11-00A0C91BC942}") = "compiled_lobster", "compiled_lobster\compiled_lobster.vcxproj", "{41396DAF-F3A4-48CB-8D59-E3DABFCF702A}"
	ProjectSection(ProjectDependencies) = postProject
		{EB07932C-0AC4-4962-B691-713B05E36832} = {EB07932C-0AC4-4962-B691-713B05E36832}
		{2C576764-3A5A-4CCD-B50D-C7C9C0349282} = {2C576764-3A5A-4CCD-B50D-C7C9C0349282}
	EndProjectSection
EndProject
Project("{8BC9CEB8-8B4A-11D0-8D11-00A0C91BC942}") = "language", "..\..\lobster\language.vcxproj", "{2C576764-3A5A-4CCD-B50D-C7C9C0349282}"
EndProject
Project("{8BC9CEB8-8B4A-11D0-8D11-00A0C91BC942}") = "engine", "..\..\lobster\lobster.vcxproj", "{EB07932C-0AC4-4962-B691-713B05E36832}"
	ProjectSection(ProjectDependencies) = postProject
		{2C576764-3A5A-4CCD-B50D-C7C9C0349282} = {2C576764-3A5A-4CCD-B50D-C7C9C0349282}
	EndProjectSection
EndProject
Global
	GlobalSection(SolutionConfigurationPlatforms) = preSolution
		Debug|x64 = Debug|x64
		Debug|x86 = Debug|x86
		Release|x64 = Release|x64
		Release|x86 = Release|x86
	EndGlobalSection
	GlobalSection(ProjectConfigurationPlatforms) = postSolution
		{41396DAF-F3A4-48CB-8D59-E3DABFCF702A}.Debug|x64.ActiveCfg = Debug|x64
		{41396DAF-F3A4-48CB-8D59-E3DABFCF702A}.Debug|x64.Build.0 = Debug|x64
		{41396DAF-F3A4-48CB-8D59-E3DABFCF702A}.Debug|x86.ActiveCfg = Debug|Win32
		{41396DAF-F3A4-48CB-8D59-E3DABFCF702A}.Debug|x86.Build.0 = Debug|Win32
		{41396DAF-F3A4-48CB-8D59-E3DABFCF702A}.Release|x64.ActiveCfg = Release|x64
		{41396DAF-F3A4-48CB-8D59-E3DABFCF702A}.Release|x64.Build.0 = Release|x64
		{41396DAF-F3A4-48CB-8D59-E3DABFCF702A}.Release|x86.ActiveCfg = Release|Win32
		{41396DAF-F3A4-48CB-8D59-E3DABFCF702A}.Release|x86.Build.0 = Release|Win32
		{2C576764-3A5A-4CCD-B50D-C7C9C0349282}.Debug|x64.ActiveCfg = Debug|x64
		{2C576764-3A5A-4CCD-B50D-C7C9C0349282}.Debug|x64.Build.0 = Debug|x64
		{2C576764-3A5A-4CCD-B50D-C7C9C0349282}.Debug|x86.ActiveCfg = Debug|x64
		{2C576764-3A5A-4CCD-B50D-C7C9C0349282}.Release|x64.ActiveCfg = Release|x64
		{2C576764-3A5A-4CCD-B50D-C7C9C0349282}.Release|x64.Build.0 = Release|x64
		{2C576764-3A5A-4CCD-B50D-C7C9C0349282}.Release|x86.ActiveCfg = Release|x64
		{EB07932C-0AC4-4962-B691-713B05E36832}.Debug|x64.ActiveCfg = Debug|x64
		{EB07932C-0AC4-4962-B691-713B05E36832}.Debug|x64.Build.0 = Debug|x64
		{EB07932C-0AC4-4962-B691-713B05E36832}.Debug|x86.ActiveCfg = Debug|x64
		{EB07932C-0AC4-4962-B691-713B05E36832}.Release|x64.ActiveCfg = Release|x64
		{EB07932C-0AC4-4962-B691-713B05E36832}.Release|x64.Build.0 = Release|x64
		{EB07932C-0AC4-4962-B691-713B05E36832}.Release|x86.ActiveCfg = Release|x64
	EndGlobalSection
	GlobalSection(SolutionProperties) = preSolution
		HideSolutionNode = FALSE
	EndGlobalSection
	GlobalSection(ExtensibilityGlobals) = postSolution
		SolutionGuid = {70C62BDC-2F5C-4466-A918-BD084BC3F77F}
	EndGlobalSection
EndGlobal
