
Microsoft Visual Studio Solution File, Format Version 12.00
# Visual Studio 2012
Project("{8C4BBF34-3C53-41A9-828B-57F2F4E53962}") = "LobsterAndroidVS", "LobsterAndroidVS.wgaproj", "{3EF2E52B-1D08-415E-B4E3-EEE7C23EADC7}"
EndProject
Global
	GlobalSection(SolutionConfigurationPlatforms) = preSolution
		Application|Android = Application|Android
	EndGlobalSection
	GlobalSection(ProjectConfigurationPlatforms) = postSolution
		{3EF2E52B-1D08-415E-B4E3-EEE7C23EADC7}.Application|Android.ActiveCfg = Application|Android
		{3EF2E52B-1D08-415E-B4E3-EEE7C23EADC7}.Application|Android.Build.0 = Application|Android
		{3EF2E52B-1D08-415E-B4E3-EEE7C23EADC7}.Application|Android.Deploy.0 = Application|Android
	EndGlobalSection
	GlobalSection(SolutionProperties) = preSolution
		HideSolutionNode = FALSE
	EndGlobalSection
EndGlobal
