<?xml version="1.0" encoding="utf-8"?>
<Project ToolsVersion="4.0" xmlns="http://schemas.microsoft.com/developer/msbuild/2003">
  <ItemGroup>
    <Filter Include="compiler">
      <UniqueIdentifier>{4FC737F1-C7A5-4376-A066-2A32D752A2FF}</UniqueIdentifier>
      <Extensions>cpp;c;cc;cxx;def;odl;idl;hpj;bat;asm;asmx</Extensions>
    </Filter>
    <Filter Include="compiler\builtins">
      <UniqueIdentifier>{564c5719-24a0-4d9b-8808-665854c6bb93}</UniqueIdentifier>
    </Filter>
    <Filter Include="base">
      <UniqueIdentifier>{93995380-89BD-4b04-88EB-625FBE52EBFB}</UniqueIdentifier>
      <Extensions>h;hpp;hxx;hm;inl;inc;xsd</Extensions>
    </Filter>
    <Filter Include="_samples">
      <UniqueIdentifier>{4c462cb2-4690-4eef-a9af-7a94fbf24856}</UniqueIdentifier>
    </Filter>
    <Filter Include="dvm">
      <UniqueIdentifier>{da60f2b4-0659-4c6d-957e-6436692322c3}</UniqueIdentifier>
    </Filter>
    <Filter Include="common">
      <UniqueIdentifier>{5b6e2421-9663-4999-a2ce-f1589fbbd7ec}</UniqueIdentifier>
    </Filter>
  </ItemGroup>
  <ItemGroup>
    <ClInclude Include="..\src\stdafx.h">
      <Filter>base</Filter>
    </ClInclude>
    <ClInclude Include="..\src\lex.h">
      <Filter>compiler</Filter>
    </ClInclude>
    <ClInclude Include="..\src\parser.h">
      <Filter>compiler</Filter>
    </ClInclude>
    <ClInclude Include="..\src\codegen.h">
      <Filter>compiler</Filter>
    </ClInclude>
    <ClInclude Include="..\src\node.h">
      <Filter>compiler</Filter>
    </ClInclude>
    <ClInclude Include="..\src\idents.h">
      <Filter>compiler</Filter>
    </ClInclude>
    <ClInclude Include="..\src\tools.h">
      <Filter>base</Filter>
    </ClInclude>
    <ClInclude Include="..\src\slaballoc.h">
      <Filter>base</Filter>
    </ClInclude>
    <ClInclude Include="..\src\geom.h">
      <Filter>base</Filter>
    </ClInclude>
    <ClInclude Include="..\src\unicode.h">
      <Filter>base</Filter>
    </ClInclude>
    <ClInclude Include="..\src\platform.h">
      <Filter>base</Filter>
    </ClInclude>
    <ClInclude Include="..\src\wentropy.h">
      <Filter>base</Filter>
    </ClInclude>
    <ClInclude Include="..\src\typecheck.h">
      <Filter>compiler</Filter>
    </ClInclude>
    <ClInclude Include="..\src\ttypes.h">
      <Filter>compiler</Filter>
    </ClInclude>
    <ClInclude Include="..\src\optimizer.h">
      <Filter>compiler</Filter>
    </ClInclude>
    <ClInclude Include="..\src\vmlog.h">
      <Filter>dvm</Filter>
    </ClInclude>
    <ClInclude Include="..\src\vmdata.h">
      <Filter>dvm</Filter>
    </ClInclude>
    <ClInclude Include="..\src\disasm.h">
      <Filter>dvm</Filter>
    </ClInclude>
    <ClInclude Include="..\src\il.h">
      <Filter>common</Filter>
    </ClInclude>
    <ClInclude Include="..\src\natreg.h">
      <Filter>common</Filter>
    </ClInclude>
    <ClInclude Include="..\src\bytecode_generated.h">
      <Filter>common</Filter>
    </ClInclude>
    <ClInclude Include="..\src\compiler.h">
      <Filter>compiler</Filter>
    </ClInclude>
    <ClInclude Include="..\src\vm.h">
      <Filter>dvm</Filter>
    </ClInclude>
  </ItemGroup>
  <ItemGroup>
    <ClCompile Include="..\src\stdafx.cpp">
      <Filter>base</Filter>
    </ClCompile>
    <ClCompile Include="..\src\builtins.cpp">
      <Filter>compiler\builtins</Filter>
    </ClCompile>
    <ClCompile Include="..\src\file.cpp">
      <Filter>compiler\builtins</Filter>
    </ClCompile>
    <ClCompile Include="..\src\lobsterreader.cpp">
      <Filter>compiler\builtins</Filter>
    </ClCompile>
    <ClCompile Include="..\src\platform.cpp">
      <Filter>base</Filter>
    </ClCompile>
    <ClCompile Include="..\src\vm.cpp">
      <Filter>dvm</Filter>
    </ClCompile>
    <ClCompile Include="..\src\vmdata.cpp">
      <Filter>dvm</Filter>
    </ClCompile>
    <ClCompile Include="..\src\compiler.cpp">
      <Filter>compiler</Filter>
    </ClCompile>
  </ItemGroup>
  <ItemGroup>
    <None Include="..\TODO.txt" />
    <None Include="..\..\lobster\samples\pythtree.lobster">
      <Filter>_samples</Filter>
    </None>
    <None Include="..\..\lobster\samples\physics_boxes.lobster">
      <Filter>_samples</Filter>
    </None>
    <None Include="..\..\lobster\samples\physics_water.lobster">
      <Filter>_samples</Filter>
    </None>
    <None Include="..\..\lobster\include\std.lobster">
      <Filter>_samples</Filter>
    </None>
    <None Include="..\..\lobster\include\color.lobster">
      <Filter>_samples</Filter>
    </None>
    <None Include="..\..\lobster\include\3dhelpers.lobster">
      <Filter>_samples</Filter>
    </None>
    <None Include="..\..\lobster\include\physics.lobster">
      <Filter>_samples</Filter>
    </None>
    <None Include="..\..\lobster\samples\tests\tctest.lobster">
      <Filter>_samples</Filter>
    </None>
    <None Include="..\src\bytecode.fbs">
      <Filter>common</Filter>
    </None>
  </ItemGroup>
  <ItemGroup>
    <Natvis Include="NatvisFile.natvis" />
  </ItemGroup>
</Project>