
Microsoft Visual Studio Solution File, Format Version 12.00
# Visual Studio 14
VisualStudioVersion = 14.0.24720.0
MinimumVisualStudioVersion = 10.0.40219.1
Project("{8BC9CEB8-8B4A-11D0-8D11-00A0C91BC942}") = "engine", "lobster.vcxproj", "{EB07932C-0AC4-4962-B691-713B05E36832}"
	ProjectSection(ProjectDependencies) = postProject
		{2C576764-3A5A-4CCD-B50D-C7C9C0349282} = {2C576764-3A5A-4CCD-B50D-C7C9C0349282}
	EndProjectSection
EndProject
Project("{8BC9CEB8-8B4A-11D0-8D11-00A0C91BC942}") = "lobster", "main.vcxproj", "{7EC54AF7-36F5-4C86-8919-2EDB16E90D94}"
	ProjectSection(ProjectDependencies) = postProject
		{EB07932C-0AC4-4962-B691-713B05E36832} = {EB07932C-0AC4-4962-B691-713B05E36832}
		{2C576764-3A5A-4CCD-B50D-C7C9C0349282} = {2C576764-3A5A-4CCD-B50D-C7C9C0349282}
	EndProjectSection
EndProject
Project("{8BC9CEB8-8B4A-11D0-8D11-00A0C91BC942}") = "language", "language.vcxproj", "{2C576764-3A5A-4CCD-B50D-C7C9C0349282}"
EndProject
Global
	GlobalSection(SolutionConfigurationPlatforms) = preSolution
		Debug|ARM = Debug|ARM
		Debug|Win32 = Debug|Win32
		Debug|x64 = Debug|x64
		Release|ARM = Release|ARM
		Release|Win32 = Release|Win32
		Release|x64 = Release|x64
	EndGlobalSection
	GlobalSection(ProjectConfigurationPlatforms) = postSolution
		{EB07932C-0AC4-4962-B691-713B05E36832}.Debug|ARM.ActiveCfg = Debug|Win32
		{EB07932C-0AC4-4962-B691-713B05E36832}.Debug|Win32.ActiveCfg = Debug|Win32
		{EB07932C-0AC4-4962-B691-713B05E36832}.Debug|Win32.Build.0 = Debug|Win32
		{EB07932C-0AC4-4962-B691-713B05E36832}.Debug|x64.ActiveCfg = Debug|x64
		{EB07932C-0AC4-4962-B691-713B05E36832}.Debug|x64.Build.0 = Debug|x64
		{EB07932C-0AC4-4962-B691-713B05E36832}.Release|ARM.ActiveCfg = Release|Win32
		{EB07932C-0AC4-4962-B691-713B05E36832}.Release|Win32.ActiveCfg = Release|Win32
		{EB07932C-0AC4-4962-B691-713B05E36832}.Release|Win32.Build.0 = Release|Win32
		{EB07932C-0AC4-4962-B691-713B05E36832}.Release|x64.ActiveCfg = Release|x64
		{EB07932C-0AC4-4962-B691-713B05E36832}.Release|x64.Build.0 = Release|x64
		{7EC54AF7-36F5-4C86-8919-2EDB16E90D94}.Debug|ARM.ActiveCfg = Debug|Win32
		{7EC54AF7-36F5-4C86-8919-2EDB16E90D94}.Debug|Win32.ActiveCfg = Debug|Win32
		{7EC54AF7-36F5-4C86-8919-2EDB16E90D94}.Debug|Win32.Build.0 = Debug|Win32
		{7EC54AF7-36F5-4C86-8919-2EDB16E90D94}.Debug|x64.ActiveCfg = Debug|x64
		{7EC54AF7-36F5-4C86-8919-2EDB16E90D94}.Debug|x64.Build.0 = Debug|x64
		{7EC54AF7-36F5-4C86-8919-2EDB16E90D94}.Release|ARM.ActiveCfg = Release|Win32
		{7EC54AF7-36F5-4C86-8919-2EDB16E90D94}.Release|Win32.ActiveCfg = Release|Win32
		{7EC54AF7-36F5-4C86-8919-2EDB16E90D94}.Release|Win32.Build.0 = Release|Win32
		{7EC54AF7-36F5-4C86-8919-2EDB16E90D94}.Release|x64.ActiveCfg = Release|x64
		{7EC54AF7-36F5-4C86-8919-2EDB16E90D94}.Release|x64.Build.0 = Release|x64
		{2C576764-3A5A-4CCD-B50D-C7C9C0349282}.Debug|ARM.ActiveCfg = Debug|Win32
		{2C576764-3A5A-4CCD-B50D-C7C9C0349282}.Debug|Win32.ActiveCfg = Debug|Win32
		{2C576764-3A5A-4CCD-B50D-C7C9C0349282}.Debug|Win32.Build.0 = Debug|Win32
		{2C576764-3A5A-4CCD-B50D-C7C9C0349282}.Debug|x64.ActiveCfg = Debug|x64
		{2C576764-3A5A-4CCD-B50D-C7C9C0349282}.Debug|x64.Build.0 = Debug|x64
		{2C576764-3A5A-4CCD-B50D-C7C9C0349282}.Release|ARM.ActiveCfg = Release|Win32
		{2C576764-3A5A-4CCD-B50D-C7C9C0349282}.Release|Win32.ActiveCfg = Release|Win32
		{2C576764-3A5A-4CCD-B50D-C7C9C0349282}.Release|Win32.Build.0 = Release|Win32
		{2C576764-3A5A-4CCD-B50D-C7C9C0349282}.Release|x64.ActiveCfg = Release|x64
		{2C576764-3A5A-4CCD-B50D-C7C9C0349282}.Release|x64.Build.0 = Release|x64
	EndGlobalSection
	GlobalSection(SolutionProperties) = preSolution
		HideSolutionNode = FALSE
	EndGlobalSection
EndGlobal
