<?xml version="1.0" encoding="UTF-8"?>
<Scheme
   LastUpgradeVersion = "0500"
   version = "1.3">
   <BuildAction
      parallelizeBuildables = "YES"
      buildImplicitDependencies = "YES">
      <BuildActionEntries>
         <BuildActionEntry
            buildForTesting = "YES"
            buildForRunning = "YES"
            buildForProfiling = "YES"
            buildForArchiving = "YES"
            buildForAnalyzing = "YES">
            <BuildableReference
               BuildableIdentifier = "primary"
               BlueprintIdentifier = "3331455617596B6100D488CC"
               BuildableName = "lobster"
               BlueprintName = "lobster"
               ReferencedContainer = "container:lobster.xcodeproj">
            </BuildableReference>
         </BuildActionEntry>
      </BuildActionEntries>
   </BuildAction>
   <TestAction
      buildConfiguration = "Debug"
      selectedDebuggerIdentifier = "Xcode.DebuggerFoundation.Debugger.LLDB"
      selectedLauncherIdentifier = "Xcode.DebuggerFoundation.Launcher.LLDB"
      language = ""
      shouldUseLaunchSchemeArgsEnv = "YES">
      <Testables>
      </Testables>
      <MacroExpansion>
         <BuildableReference
            BuildableIdentifier = "primary"
            BlueprintIdentifier = "3331455617596B6100D488CC"
            BuildableName = "lobster"
            BlueprintName = "lobster"
            ReferencedContainer = "container:lobster.xcodeproj">
         </BuildableReference>
      </MacroExpansion>
      <AdditionalOptions>
      </AdditionalOptions>
   </TestAction>
   <LaunchAction
      buildConfiguration = "Debug"
      selectedDebuggerIdentifier = "Xcode.DebuggerFoundation.Debugger.LLDB"
      selectedLauncherIdentifier = "Xcode.DebuggerFoundation.Launcher.LLDB"
      language = ""
      launchStyle = "0"
      useCustomWorkingDirectory = "YES"
      customWorkingDirectory = "~/lobster/lobster"
      ignoresPersistentStateOnLaunch = "NO"
      debugDocumentVersioning = "YES"
      debugServiceExtension = "internal"
      allowLocationSimulation = "YES">
      <PathRunnable
         runnableDebuggingMode = "0"
         FilePath = "/Users/aardappel/lobster/lobster/lobster">
      </PathRunnable>
      <MacroExpansion>
         <BuildableReference
            BuildableIdentifier = "primary"
            BlueprintIdentifier = "3331455617596B6100D488CC"
            BuildableName = "lobster"
            BlueprintName = "lobster"
            ReferencedContainer = "container:lobster.xcodeproj">
         </BuildableReference>
      </MacroExpansion>
      <CommandLineArguments>
         <CommandLineArgument
            argument = "--verbose"
            isEnabled = "YES">
         </CommandLineArgument>
         <CommandLineArgument
            argument = "../projects/settlement/settlement.lobster"
            isEnabled = "NO">
         </CommandLineArgument>
         <CommandLineArgument
            argument = "tapdefense.lobster"
            isEnabled = "NO">
         </CommandLineArgument>
         <CommandLineArgument
            argument = "../projects/trafficsim/trafficsim.lobster"
            isEnabled = "YES">
         </CommandLineArgument>
         <CommandLineArgument
            argument = "--debug"
            isEnabled = "NO">
         </CommandLineArgument>
         <CommandLineArgument
            argument = "unittest.lobster"
            isEnabled = "NO">
         </CommandLineArgument>
         <CommandLineArgument
            argument = "../projects/rtsclicker.lobster"
            isEnabled = "NO">
         </CommandLineArgument>
         <CommandLineArgument
            argument = "-B../projects/totslike/default.lbc"
            isEnabled = "NO">
         </CommandLineArgument>
         <CommandLineArgument
            argument = "-c /Users/aardappel/lobster/lobster/samples/framelogtest.lobster"
            isEnabled = "NO">
         </CommandLineArgument>
         <CommandLineArgument
            argument = "-c"
            isEnabled = "NO">
         </CommandLineArgument>
         <CommandLineArgument
            argument = "3dtest.lobster"
            isEnabled = "NO">
         </CommandLineArgument>
         <CommandLineArgument
            argument = "zombietele.lobster"
            isEnabled = "NO">
         </CommandLineArgument>
         <CommandLineArgument
            argument = "../projects/totslike/totslike.lobster"
            isEnabled = "NO">
         </CommandLineArgument>
         <CommandLineArgument
            argument = "trafficjam.lobster"
            isEnabled = "NO">
         </CommandLineArgument>
      </CommandLineArguments>
      <AdditionalOptions>
      </AdditionalOptions>
   </LaunchAction>
   <ProfileAction
      buildConfiguration = "Release"
      shouldUseLaunchSchemeArgsEnv = "YES"
      savedToolIdentifier = ""
      useCustomWorkingDirectory = "NO"
      debugDocumentVersioning = "YES">
      <BuildableProductRunnable
         runnableDebuggingMode = "0">
         <BuildableReference
            BuildableIdentifier = "primary"
            BlueprintIdentifier = "3331455617596B6100D488CC"
            BuildableName = "lobster"
            BlueprintName = "lobster"
            ReferencedContainer = "container:lobster.xcodeproj">
         </BuildableReference>
      </BuildableProductRunnable>
   </ProfileAction>
   <AnalyzeAction
      buildConfiguration = "Debug">
   </AnalyzeAction>
   <ArchiveAction
      buildConfiguration = "Release"
      revealArchiveInOrganizer = "YES">
   </ArchiveAction>
</Scheme>
