<?xml version="1.0" encoding="utf-8"?>
<Project ToolsVersion="4.0" xmlns="http://schemas.microsoft.com/developer/msbuild/2003">
  <ItemGroup>
    <None Include="..\..\AndroidManifest.xml" />
    <None Include="..\..\ant.properties" />
    <None Include="..\..\build.properties" />
    <None Include="..\..\build.xml" />
    <None Include="..\..\default.properties" />
    <None Include="..\..\project.properties" />
    <None Include="..\..\jni\Android.mk">
      <Filter>jni</Filter>
    </None>
    <None Include="..\..\jni\Application.mk">
      <Filter>jni</Filter>
    </None>
    <None Include="..\..\jni\src\Android.mk">
      <Filter>jni\src</Filter>
    </None>
    <None Include="..\..\jni\src\Android_static.mk">
      <Filter>jni\src</Filter>
    </None>
    <None Include="..\..\res\layout\main.xml">
      <Filter>res\layout</Filter>
    </None>
    <None Include="..\..\res\values\strings.xml">
      <Filter>res\values</Filter>
    </None>
  </ItemGroup>
  <ItemGroup>
    <Filter Include="jni">
      <UniqueIdentifier>{18915c5f-c82b-42be-8cd8-34702cf3a661}</UniqueIdentifier>
    </Filter>
    <Filter Include="jni\src">
      <UniqueIdentifier>{ea206d43-ca95-4f63-940e-108fb824e9ef}</UniqueIdentifier>
    </Filter>
    <Filter Include="res">
      <UniqueIdentifier>{a68ee22b-d1bf-4818-9cca-c04ee3e3b252}</UniqueIdentifier>
    </Filter>
    <Filter Include="res\layout">
      <UniqueIdentifier>{e634e3cc-5f5c-4395-b829-b9335f6e2e73}</UniqueIdentifier>
    </Filter>
    <Filter Include="res\values">
      <UniqueIdentifier>{73fa7e48-1b35-4907-9166-76efa3ff6468}</UniqueIdentifier>
    </Filter>
    <Filter Include="jni\sdl">
      <UniqueIdentifier>{9e9f849b-dd83-49ed-b371-da19130d9b7e}</UniqueIdentifier>
    </Filter>
  </ItemGroup>
  <ItemGroup>
    <ClInclude Include="..\..\..\src\codegen.h">
      <Filter>jni\src</Filter>
    </ClInclude>
    <ClInclude Include="..\..\..\src\disasm.h">
      <Filter>jni\src</Filter>
    </ClInclude>
    <ClInclude Include="..\..\..\src\font.h">
      <Filter>jni\src</Filter>
    </ClInclude>
    <ClInclude Include="..\..\..\src\ftinterface.h">
      <Filter>jni\src</Filter>
    </ClInclude>
    <ClInclude Include="..\..\..\src\geom.h">
      <Filter>jni\src</Filter>
    </ClInclude>
    <ClInclude Include="..\..\..\src\glincludes.h">
      <Filter>jni\src</Filter>
    </ClInclude>
    <ClInclude Include="..\..\..\src\glinterface.h">
      <Filter>jni\src</Filter>
    </ClInclude>
    <ClInclude Include="..\..\..\src\idents.h">
      <Filter>jni\src</Filter>
    </ClInclude>
    <ClInclude Include="..\..\..\src\lex.h">
      <Filter>jni\src</Filter>
    </ClInclude>
    <ClInclude Include="..\..\..\src\mctables.h">
      <Filter>jni\src</Filter>
    </ClInclude>
    <ClInclude Include="..\..\..\src\meshgen.h">
      <Filter>jni\src</Filter>
    </ClInclude>
    <ClInclude Include="..\..\..\src\natreg.h">
      <Filter>jni\src</Filter>
    </ClInclude>
    <ClInclude Include="..\..\..\src\node.h">
      <Filter>jni\src</Filter>
    </ClInclude>
    <ClInclude Include="..\..\..\src\parser.h">
      <Filter>jni\src</Filter>
    </ClInclude>
    <ClInclude Include="..\..\..\src\platform.h">
      <Filter>jni\src</Filter>
    </ClInclude>
    <ClInclude Include="..\..\..\src\sdlincludes.h">
      <Filter>jni\src</Filter>
    </ClInclude>
    <ClInclude Include="..\..\..\src\sdlinterface.h">
      <Filter>jni\src</Filter>
    </ClInclude>
    <ClInclude Include="..\..\..\src\slaballoc.h">
      <Filter>jni\src</Filter>
    </ClInclude>
    <ClInclude Include="..\..\..\src\stb_image.h">
      <Filter>jni\src</Filter>
    </ClInclude>
    <ClInclude Include="..\..\..\src\stdafx.h">
      <Filter>jni\src</Filter>
    </ClInclude>
    <ClInclude Include="..\..\..\src\tools.h">
      <Filter>jni\src</Filter>
    </ClInclude>
    <ClInclude Include="..\..\..\src\unicode.h">
      <Filter>jni\src</Filter>
    </ClInclude>
    <ClInclude Include="..\..\..\src\vm.h">
      <Filter>jni\src</Filter>
    </ClInclude>
    <ClInclude Include="..\..\..\src\vmdata.h">
      <Filter>jni\src</Filter>
    </ClInclude>
    <ClInclude Include="..\..\..\src\vmlog.h">
      <Filter>jni\src</Filter>
    </ClInclude>
    <ClInclude Include="..\..\..\src\wentropy.h">
      <Filter>jni\src</Filter>
    </ClInclude>
  </ItemGroup>
  <ItemGroup>
    <ClCompile Include="..\..\..\src\audio.cpp">
      <Filter>jni\src</Filter>
    </ClCompile>
    <ClCompile Include="..\..\..\src\builtins.cpp">
      <Filter>jni\src</Filter>
    </ClCompile>
    <ClCompile Include="..\..\..\src\file.cpp">
      <Filter>jni\src</Filter>
    </ClCompile>
    <ClCompile Include="..\..\..\src\font.cpp">
      <Filter>jni\src</Filter>
    </ClCompile>
    <ClCompile Include="..\..\..\src\ftsystem.cpp">
      <Filter>jni\src</Filter>
    </ClCompile>
    <ClCompile Include="..\..\..\src\glgeom.cpp">
      <Filter>jni\src</Filter>
    </ClCompile>
    <ClCompile Include="..\..\..\src\glloadiqm.cpp">
      <Filter>jni\src</Filter>
    </ClCompile>
    <ClCompile Include="..\..\..\src\glshader.cpp">
      <Filter>jni\src</Filter>
    </ClCompile>
    <ClCompile Include="..\..\..\src\glsystem.cpp">
      <Filter>jni\src</Filter>
    </ClCompile>
    <ClCompile Include="..\..\..\src\gltexture.cpp">
      <Filter>jni\src</Filter>
    </ClCompile>
    <ClCompile Include="..\..\..\src\graphics.cpp">
      <Filter>jni\src</Filter>
    </ClCompile>
    <ClCompile Include="..\..\..\src\lobster.cpp">
      <Filter>jni\src</Filter>
    </ClCompile>
    <ClCompile Include="..\..\..\src\lobsterreader.cpp">
      <Filter>jni\src</Filter>
    </ClCompile>
    <ClCompile Include="..\..\..\src\meshgen.cpp">
      <Filter>jni\src</Filter>
    </ClCompile>
    <ClCompile Include="..\..\..\src\platform.cpp">
      <Filter>jni\src</Filter>
    </ClCompile>
    <ClCompile Include="..\..\..\src\sdlaudiosfxr.cpp">
      <Filter>jni\src</Filter>
    </ClCompile>
    <ClCompile Include="..\..\..\src\sdlsystem.cpp">
      <Filter>jni\src</Filter>
    </ClCompile>
    <ClCompile Include="..\..\..\src\simplex.cpp">
      <Filter>jni\src</Filter>
    </ClCompile>
    <ClCompile Include="..\..\..\src\stdafx.cpp">
      <Filter>jni\src</Filter>
    </ClCompile>
    <ClCompile Include="..\..\..\src\vmdata.cpp">
      <Filter>jni\src</Filter>
    </ClCompile>
    <ClCompile Include="..\..\..\..\external\sdl\src\core\android\SDL_android.c">
      <Filter>jni\sdl</Filter>
    </ClCompile>
  </ItemGroup>
  <ItemGroup>
    <JCompile Include="..\..\src\org\libsdl\app\SDLActivity.java">
      <Filter>jni\sdl</Filter>
    </JCompile>
  </ItemGroup>
</Project>