
Microsoft Visual Studio Solution File, Format Version 11.00
# Visual Studio 2010
Project("{8BC9CEB8-8B4A-11D0-8D11-00A0C91BC942}") = "LobsterAndroid", "LobsterAndroid.vcxproj", "{573354FE-2120-4310-BF43-141C26EE98DA}"
EndProject
Global
	GlobalSection(SolutionConfigurationPlatforms) = preSolution
		Debug|Tegra-Android = Debug|Tegra-Android
		Profile|Tegra-Android = Profile|Tegra-Android
		Release|Tegra-Android = Release|Tegra-Android
	EndGlobalSection
	GlobalSection(ProjectConfigurationPlatforms) = postSolution
		{573354FE-2120-4310-BF43-141C26EE98DA}.Debug|Tegra-Android.ActiveCfg = Debug|Tegra-Android
		{573354FE-2120-4310-BF43-141C26EE98DA}.Debug|Tegra-Android.Build.0 = Debug|Tegra-Android
		{573354FE-2120-4310-BF43-141C26EE98DA}.Profile|Tegra-Android.ActiveCfg = Profile|Tegra-Android
		{573354FE-2120-4310-BF43-141C26EE98DA}.Profile|Tegra-Android.Build.0 = Profile|Tegra-Android
		{573354FE-2120-4310-BF43-141C26EE98DA}.Release|Tegra-Android.ActiveCfg = Release|Tegra-Android
		{573354FE-2120-4310-BF43-141C26EE98DA}.Release|Tegra-Android.Build.0 = Release|Tegra-Android
	EndGlobalSection
	GlobalSection(SolutionProperties) = preSolution
		HideSolutionNode = FALSE
	EndGlobalSection
EndGlobal
